
Microsoft Visual Studio Solution File, Format Version 10.00
# Visual Studio 2008
Project("{8BC9CEB8-8B4A-11D0-8D11-00A0C91BC942}") = "11_1", "11_1\11_1.vcproj", "{030A5B9F-A71B-475A-B229-7582C6428B0A}"
EndProject
Project("{8BC9CEB8-8B4A-11D0-8D11-00A0C91BC942}") = "11_2", "11_2\11_2.vcproj", "{01869C52-06E4-4A8F-B62A-06987D539D90}"
EndProject
Project("{8BC9CEB8-8B4A-11D0-8D11-00A0C91BC942}") = "11_3", "11_3\11_3.vcproj", "{8DC7B614-5E6F-464E-ADC1-A7B5DC33E84D}"
EndProject
Project("{8BC9CEB8-8B4A-11D0-8D11-00A0C91BC942}") = "11_4", "11_4\11_4.vcproj", "{EDE28E6F-1F9B-4C58-9D43-2293C1B2AFB7}"
EndProject
Project("{8BC9CEB8-8B4A-11D0-8D11-00A0C91BC942}") = "11_5", "11_5\11_5.vcproj", "{9772DA59-5542-4931-919D-4537CC395C62}"
EndProject
Project("{8BC9CEB8-8B4A-11D0-8D11-00A0C91BC942}") = "11_6", "11_6\11_6.vcproj", "{9B6475EA-F1CF-41E7-B4F0-BDF7521B1B62}"
EndProject
Project("{8BC9CEB8-8B4A-11D0-8D11-00A0C91BC942}") = "11_7", "11_7\11_7.vcproj", "{FA826CA1-1913-46FE-8387-15364C4E968D}"
EndProject
Project("{8BC9CEB8-8B4A-11D0-8D11-00A0C91BC942}") = "11_8", "11_8\11_8.vcproj", "{FBE5FDE3-D3FB-43AD-AC7E-136D6DA5C39B}"
EndProject
Project("{8BC9CEB8-8B4A-11D0-8D11-00A0C91BC942}") = "11_9", "11_9\11_9.vcproj", "{342DCB4C-6DB7-4AB3-A3CB-39B6A71EFFD5}"
EndProject
Project("{8BC9CEB8-8B4A-11D0-8D11-00A0C91BC942}") = "11_10", "11_10\11_10.vcproj", "{89CC16BF-F0F2-4615-98C2-A7E1397D5051}"
EndProject
Project("{8BC9CEB8-8B4A-11D0-8D11-00A0C91BC942}") = "11_11", "11_11\11_11.vcproj", "{CD4A593D-5B17-4F5A-832E-D6D348180597}"
EndProject
Project("{8BC9CEB8-8B4A-11D0-8D11-00A0C91BC942}") = "11_12", "11_12\11_12.vcproj", "{715563C5-16EB-4CDF-8179-CD69CA25CD8D}"
EndProject
Project("{8BC9CEB8-8B4A-11D0-8D11-00A0C91BC942}") = "11_14", "11_14\11_14.vcproj", "{A925DDCD-AD8E-49B2-B26A-7181FC250CF2}"
EndProject
Project("{8BC9CEB8-8B4A-11D0-8D11-00A0C91BC942}") = "11_13", "11_13\10_13.vcproj", "{B9F310E3-EA2B-409F-B8C0-A605A4DF4604}"
EndProject
Global
	GlobalSection(SolutionConfigurationPlatforms) = preSolution
		Debug|Win32 = Debug|Win32
		Release|Win32 = Release|Win32
	EndGlobalSection
	GlobalSection(ProjectConfigurationPlatforms) = postSolution
		{030A5B9F-A71B-475A-B229-7582C6428B0A}.Debug|Win32.ActiveCfg = Debug|Win32
		{030A5B9F-A71B-475A-B229-7582C6428B0A}.Debug|Win32.Build.0 = Debug|Win32
		{030A5B9F-A71B-475A-B229-7582C6428B0A}.Release|Win32.ActiveCfg = Release|Win32
		{030A5B9F-A71B-475A-B229-7582C6428B0A}.Release|Win32.Build.0 = Release|Win32
		{01869C52-06E4-4A8F-B62A-06987D539D90}.Debug|Win32.ActiveCfg = Debug|Win32
		{01869C52-06E4-4A8F-B62A-06987D539D90}.Debug|Win32.Build.0 = Debug|Win32
		{01869C52-06E4-4A8F-B62A-06987D539D90}.Release|Win32.ActiveCfg = Release|Win32
		{01869C52-06E4-4A8F-B62A-06987D539D90}.Release|Win32.Build.0 = Release|Win32
		{8DC7B614-5E6F-464E-ADC1-A7B5DC33E84D}.Debug|Win32.ActiveCfg = Debug|Win32
		{8DC7B614-5E6F-464E-ADC1-A7B5DC33E84D}.Debug|Win32.Build.0 = Debug|Win32
		{8DC7B614-5E6F-464E-ADC1-A7B5DC33E84D}.Release|Win32.ActiveCfg = Release|Win32
		{8DC7B614-5E6F-464E-ADC1-A7B5DC33E84D}.Release|Win32.Build.0 = Release|Win32
		{EDE28E6F-1F9B-4C58-9D43-2293C1B2AFB7}.Debug|Win32.ActiveCfg = Debug|Win32
		{EDE28E6F-1F9B-4C58-9D43-2293C1B2AFB7}.Debug|Win32.Build.0 = Debug|Win32
		{EDE28E6F-1F9B-4C58-9D43-2293C1B2AFB7}.Release|Win32.ActiveCfg = Release|Win32
		{EDE28E6F-1F9B-4C58-9D43-2293C1B2AFB7}.Release|Win32.Build.0 = Release|Win32
		{9772DA59-5542-4931-919D-4537CC395C62}.Debug|Win32.ActiveCfg = Debug|Win32
		{9772DA59-5542-4931-919D-4537CC395C62}.Debug|Win32.Build.0 = Debug|Win32
		{9772DA59-5542-4931-919D-4537CC395C62}.Release|Win32.ActiveCfg = Release|Win32
		{9772DA59-5542-4931-919D-4537CC395C62}.Release|Win32.Build.0 = Release|Win32
		{9B6475EA-F1CF-41E7-B4F0-BDF7521B1B62}.Debug|Win32.ActiveCfg = Debug|Win32
		{9B6475EA-F1CF-41E7-B4F0-BDF7521B1B62}.Debug|Win32.Build.0 = Debug|Win32
		{9B6475EA-F1CF-41E7-B4F0-BDF7521B1B62}.Release|Win32.ActiveCfg = Release|Win32
		{9B6475EA-F1CF-41E7-B4F0-BDF7521B1B62}.Release|Win32.Build.0 = Release|Win32
		{FA826CA1-1913-46FE-8387-15364C4E968D}.Debug|Win32.ActiveCfg = Debug|Win32
		{FA826CA1-1913-46FE-8387-15364C4E968D}.Debug|Win32.Build.0 = Debug|Win32
		{FA826CA1-1913-46FE-8387-15364C4E968D}.Release|Win32.ActiveCfg = Release|Win32
		{FA826CA1-1913-46FE-8387-15364C4E968D}.Release|Win32.Build.0 = Release|Win32
		{FBE5FDE3-D3FB-43AD-AC7E-136D6DA5C39B}.Debug|Win32.ActiveCfg = Debug|Win32
		{FBE5FDE3-D3FB-43AD-AC7E-136D6DA5C39B}.Debug|Win32.Build.0 = Debug|Win32
		{FBE5FDE3-D3FB-43AD-AC7E-136D6DA5C39B}.Release|Win32.ActiveCfg = Release|Win32
		{FBE5FDE3-D3FB-43AD-AC7E-136D6DA5C39B}.Release|Win32.Build.0 = Release|Win32
		{342DCB4C-6DB7-4AB3-A3CB-39B6A71EFFD5}.Debug|Win32.ActiveCfg = Debug|Win32
		{342DCB4C-6DB7-4AB3-A3CB-39B6A71EFFD5}.Debug|Win32.Build.0 = Debug|Win32
		{342DCB4C-6DB7-4AB3-A3CB-39B6A71EFFD5}.Release|Win32.ActiveCfg = Release|Win32
		{342DCB4C-6DB7-4AB3-A3CB-39B6A71EFFD5}.Release|Win32.Build.0 = Release|Win32
		{89CC16BF-F0F2-4615-98C2-A7E1397D5051}.Debug|Win32.ActiveCfg = Debug|Win32
		{89CC16BF-F0F2-4615-98C2-A7E1397D5051}.Debug|Win32.Build.0 = Debug|Win32
		{89CC16BF-F0F2-4615-98C2-A7E1397D5051}.Release|Win32.ActiveCfg = Release|Win32
		{89CC16BF-F0F2-4615-98C2-A7E1397D5051}.Release|Win32.Build.0 = Release|Win32
		{CD4A593D-5B17-4F5A-832E-D6D348180597}.Debug|Win32.ActiveCfg = Debug|Win32
		{CD4A593D-5B17-4F5A-832E-D6D348180597}.Debug|Win32.Build.0 = Debug|Win32
		{CD4A593D-5B17-4F5A-832E-D6D348180597}.Release|Win32.ActiveCfg = Release|Win32
		{CD4A593D-5B17-4F5A-832E-D6D348180597}.Release|Win32.Build.0 = Release|Win32
		{715563C5-16EB-4CDF-8179-CD69CA25CD8D}.Debug|Win32.ActiveCfg = Debug|Win32
		{715563C5-16EB-4CDF-8179-CD69CA25CD8D}.Debug|Win32.Build.0 = Debug|Win32
		{715563C5-16EB-4CDF-8179-CD69CA25CD8D}.Release|Win32.ActiveCfg = Release|Win32
		{715563C5-16EB-4CDF-8179-CD69CA25CD8D}.Release|Win32.Build.0 = Release|Win32
		{A925DDCD-AD8E-49B2-B26A-7181FC250CF2}.Debug|Win32.ActiveCfg = Debug|Win32
		{A925DDCD-AD8E-49B2-B26A-7181FC250CF2}.Debug|Win32.Build.0 = Debug|Win32
		{A925DDCD-AD8E-49B2-B26A-7181FC250CF2}.Release|Win32.ActiveCfg = Release|Win32
		{A925DDCD-AD8E-49B2-B26A-7181FC250CF2}.Release|Win32.Build.0 = Release|Win32
		{B9F310E3-EA2B-409F-B8C0-A605A4DF4604}.Debug|Win32.ActiveCfg = Debug|Win32
		{B9F310E3-EA2B-409F-B8C0-A605A4DF4604}.Debug|Win32.Build.0 = Debug|Win32
		{B9F310E3-EA2B-409F-B8C0-A605A4DF4604}.Release|Win32.ActiveCfg = Release|Win32
		{B9F310E3-EA2B-409F-B8C0-A605A4DF4604}.Release|Win32.Build.0 = Release|Win32
	EndGlobalSection
	GlobalSection(SolutionProperties) = preSolution
		HideSolutionNode = FALSE
	EndGlobalSection
EndGlobal
