
Microsoft Visual Studio Solution File, Format Version 10.00
# Visual Studio 2008
Project("{8BC9CEB8-8B4A-11D0-8D11-00A0C91BC942}") = "3_1", "3_1\3_1.vcproj", "{EED6C76C-3503-4225-B2EE-9E327F97CA4B}"
EndProject
Project("{8BC9CEB8-8B4A-11D0-8D11-00A0C91BC942}") = "3_2", "3_2\3_2.vcproj", "{23EDCE33-702D-46C6-AA59-7B7655E372E5}"
EndProject
Project("{8BC9CEB8-8B4A-11D0-8D11-00A0C91BC942}") = "3_3", "3_3\3_3.vcproj", "{76930E7A-36AC-4D86-9790-7D7A822C3753}"
EndProject
Project("{8BC9CEB8-8B4A-11D0-8D11-00A0C91BC942}") = "3_4", "3_4\3_4.vcproj", "{463DB4E0-1360-4C50-998B-9123B7A563A5}"
EndProject
Project("{8BC9CEB8-8B4A-11D0-8D11-00A0C91BC942}") = "3_5", "3_5\3_5.vcproj", "{EAFFAE3F-006B-47F7-99D2-9BC465711EA4}"
EndProject
Project("{8BC9CEB8-8B4A-11D0-8D11-00A0C91BC942}") = "3_6", "3_6\3_6.vcproj", "{C0F72B27-9B25-45E5-A742-467557286F41}"
EndProject
Project("{8BC9CEB8-8B4A-11D0-8D11-00A0C91BC942}") = "3_7", "3_7\3_7.vcproj", "{16F20E46-1165-4B29-B682-F273872B1ED0}"
EndProject
Project("{8BC9CEB8-8B4A-11D0-8D11-00A0C91BC942}") = "3_8", "3_8\3_8.vcproj", "{2DDA7AFC-D20D-4740-AABD-ADD73A49545D}"
EndProject
Project("{8BC9CEB8-8B4A-11D0-8D11-00A0C91BC942}") = "3_9", "3_9\3_9.vcproj", "{299A0733-37FE-4147-810C-15CE5DC397B6}"
EndProject
Project("{8BC9CEB8-8B4A-11D0-8D11-00A0C91BC942}") = "3_10", "3_10\3_10.vcproj", "{888D4773-029C-4F25-8EA3-E4A7B910F6F8}"
EndProject
Project("{8BC9CEB8-8B4A-11D0-8D11-00A0C91BC942}") = "3_11", "3_11\3_11.vcproj", "{84755D9A-764F-4445-9128-958735C878F6}"
EndProject
Project("{8BC9CEB8-8B4A-11D0-8D11-00A0C91BC942}") = "3_12", "3_12\3_12.vcproj", "{C34400EB-5357-4D10-B44B-B93EBE09FF05}"
EndProject
Project("{8BC9CEB8-8B4A-11D0-8D11-00A0C91BC942}") = "3_13", "3_13\3_13.vcproj", "{EFE85090-C153-4D91-98F0-D8D7547794D5}"
EndProject
Project("{8BC9CEB8-8B4A-11D0-8D11-00A0C91BC942}") = "3_14", "3_14\3_14.vcproj", "{6A54A914-9FDB-48CE-BBD5-4C9ABB9BCDA9}"
EndProject
Project("{8BC9CEB8-8B4A-11D0-8D11-00A0C91BC942}") = "3_15", "3_15\3_15.vcproj", "{789DAB0F-1499-48F5-9C80-1C58E881653C}"
EndProject
Project("{8BC9CEB8-8B4A-11D0-8D11-00A0C91BC942}") = "3_16", "3_16\3_16.vcproj", "{9966ABAF-0622-4934-9963-212BC0BA38DE}"
EndProject
Project("{8BC9CEB8-8B4A-11D0-8D11-00A0C91BC942}") = "3_17", "3_17\3_17.vcproj", "{9A6E7FA8-40E8-484E-8E07-6A4ABAD4FA2E}"
EndProject
Global
	GlobalSection(SolutionConfigurationPlatforms) = preSolution
		Debug|Win32 = Debug|Win32
		Release|Win32 = Release|Win32
	EndGlobalSection
	GlobalSection(ProjectConfigurationPlatforms) = postSolution
		{EED6C76C-3503-4225-B2EE-9E327F97CA4B}.Debug|Win32.ActiveCfg = Debug|Win32
		{EED6C76C-3503-4225-B2EE-9E327F97CA4B}.Debug|Win32.Build.0 = Debug|Win32
		{EED6C76C-3503-4225-B2EE-9E327F97CA4B}.Release|Win32.ActiveCfg = Release|Win32
		{EED6C76C-3503-4225-B2EE-9E327F97CA4B}.Release|Win32.Build.0 = Release|Win32
		{23EDCE33-702D-46C6-AA59-7B7655E372E5}.Debug|Win32.ActiveCfg = Debug|Win32
		{23EDCE33-702D-46C6-AA59-7B7655E372E5}.Debug|Win32.Build.0 = Debug|Win32
		{23EDCE33-702D-46C6-AA59-7B7655E372E5}.Release|Win32.ActiveCfg = Release|Win32
		{23EDCE33-702D-46C6-AA59-7B7655E372E5}.Release|Win32.Build.0 = Release|Win32
		{76930E7A-36AC-4D86-9790-7D7A822C3753}.Debug|Win32.ActiveCfg = Debug|Win32
		{76930E7A-36AC-4D86-9790-7D7A822C3753}.Debug|Win32.Build.0 = Debug|Win32
		{76930E7A-36AC-4D86-9790-7D7A822C3753}.Release|Win32.ActiveCfg = Release|Win32
		{76930E7A-36AC-4D86-9790-7D7A822C3753}.Release|Win32.Build.0 = Release|Win32
		{463DB4E0-1360-4C50-998B-9123B7A563A5}.Debug|Win32.ActiveCfg = Debug|Win32
		{463DB4E0-1360-4C50-998B-9123B7A563A5}.Debug|Win32.Build.0 = Debug|Win32
		{463DB4E0-1360-4C50-998B-9123B7A563A5}.Release|Win32.ActiveCfg = Release|Win32
		{463DB4E0-1360-4C50-998B-9123B7A563A5}.Release|Win32.Build.0 = Release|Win32
		{EAFFAE3F-006B-47F7-99D2-9BC465711EA4}.Debug|Win32.ActiveCfg = Debug|Win32
		{EAFFAE3F-006B-47F7-99D2-9BC465711EA4}.Debug|Win32.Build.0 = Debug|Win32
		{EAFFAE3F-006B-47F7-99D2-9BC465711EA4}.Release|Win32.ActiveCfg = Release|Win32
		{EAFFAE3F-006B-47F7-99D2-9BC465711EA4}.Release|Win32.Build.0 = Release|Win32
		{C0F72B27-9B25-45E5-A742-467557286F41}.Debug|Win32.ActiveCfg = Debug|Win32
		{C0F72B27-9B25-45E5-A742-467557286F41}.Debug|Win32.Build.0 = Debug|Win32
		{C0F72B27-9B25-45E5-A742-467557286F41}.Release|Win32.ActiveCfg = Release|Win32
		{C0F72B27-9B25-45E5-A742-467557286F41}.Release|Win32.Build.0 = Release|Win32
		{16F20E46-1165-4B29-B682-F273872B1ED0}.Debug|Win32.ActiveCfg = Debug|Win32
		{16F20E46-1165-4B29-B682-F273872B1ED0}.Debug|Win32.Build.0 = Debug|Win32
		{16F20E46-1165-4B29-B682-F273872B1ED0}.Release|Win32.ActiveCfg = Release|Win32
		{16F20E46-1165-4B29-B682-F273872B1ED0}.Release|Win32.Build.0 = Release|Win32
		{2DDA7AFC-D20D-4740-AABD-ADD73A49545D}.Debug|Win32.ActiveCfg = Debug|Win32
		{2DDA7AFC-D20D-4740-AABD-ADD73A49545D}.Debug|Win32.Build.0 = Debug|Win32
		{2DDA7AFC-D20D-4740-AABD-ADD73A49545D}.Release|Win32.ActiveCfg = Release|Win32
		{2DDA7AFC-D20D-4740-AABD-ADD73A49545D}.Release|Win32.Build.0 = Release|Win32
		{299A0733-37FE-4147-810C-15CE5DC397B6}.Debug|Win32.ActiveCfg = Debug|Win32
		{299A0733-37FE-4147-810C-15CE5DC397B6}.Debug|Win32.Build.0 = Debug|Win32
		{299A0733-37FE-4147-810C-15CE5DC397B6}.Release|Win32.ActiveCfg = Release|Win32
		{299A0733-37FE-4147-810C-15CE5DC397B6}.Release|Win32.Build.0 = Release|Win32
		{888D4773-029C-4F25-8EA3-E4A7B910F6F8}.Debug|Win32.ActiveCfg = Debug|Win32
		{888D4773-029C-4F25-8EA3-E4A7B910F6F8}.Debug|Win32.Build.0 = Debug|Win32
		{888D4773-029C-4F25-8EA3-E4A7B910F6F8}.Release|Win32.ActiveCfg = Release|Win32
		{888D4773-029C-4F25-8EA3-E4A7B910F6F8}.Release|Win32.Build.0 = Release|Win32
		{84755D9A-764F-4445-9128-958735C878F6}.Debug|Win32.ActiveCfg = Debug|Win32
		{84755D9A-764F-4445-9128-958735C878F6}.Debug|Win32.Build.0 = Debug|Win32
		{84755D9A-764F-4445-9128-958735C878F6}.Release|Win32.ActiveCfg = Release|Win32
		{84755D9A-764F-4445-9128-958735C878F6}.Release|Win32.Build.0 = Release|Win32
		{C34400EB-5357-4D10-B44B-B93EBE09FF05}.Debug|Win32.ActiveCfg = Debug|Win32
		{C34400EB-5357-4D10-B44B-B93EBE09FF05}.Debug|Win32.Build.0 = Debug|Win32
		{C34400EB-5357-4D10-B44B-B93EBE09FF05}.Release|Win32.ActiveCfg = Release|Win32
		{C34400EB-5357-4D10-B44B-B93EBE09FF05}.Release|Win32.Build.0 = Release|Win32
		{EFE85090-C153-4D91-98F0-D8D7547794D5}.Debug|Win32.ActiveCfg = Debug|Win32
		{EFE85090-C153-4D91-98F0-D8D7547794D5}.Debug|Win32.Build.0 = Debug|Win32
		{EFE85090-C153-4D91-98F0-D8D7547794D5}.Release|Win32.ActiveCfg = Release|Win32
		{EFE85090-C153-4D91-98F0-D8D7547794D5}.Release|Win32.Build.0 = Release|Win32
		{6A54A914-9FDB-48CE-BBD5-4C9ABB9BCDA9}.Debug|Win32.ActiveCfg = Debug|Win32
		{6A54A914-9FDB-48CE-BBD5-4C9ABB9BCDA9}.Debug|Win32.Build.0 = Debug|Win32
		{6A54A914-9FDB-48CE-BBD5-4C9ABB9BCDA9}.Release|Win32.ActiveCfg = Release|Win32
		{6A54A914-9FDB-48CE-BBD5-4C9ABB9BCDA9}.Release|Win32.Build.0 = Release|Win32
		{789DAB0F-1499-48F5-9C80-1C58E881653C}.Debug|Win32.ActiveCfg = Debug|Win32
		{789DAB0F-1499-48F5-9C80-1C58E881653C}.Debug|Win32.Build.0 = Debug|Win32
		{789DAB0F-1499-48F5-9C80-1C58E881653C}.Release|Win32.ActiveCfg = Release|Win32
		{789DAB0F-1499-48F5-9C80-1C58E881653C}.Release|Win32.Build.0 = Release|Win32
		{9966ABAF-0622-4934-9963-212BC0BA38DE}.Debug|Win32.ActiveCfg = Debug|Win32
		{9966ABAF-0622-4934-9963-212BC0BA38DE}.Debug|Win32.Build.0 = Debug|Win32
		{9966ABAF-0622-4934-9963-212BC0BA38DE}.Release|Win32.ActiveCfg = Release|Win32
		{9966ABAF-0622-4934-9963-212BC0BA38DE}.Release|Win32.Build.0 = Release|Win32
		{9A6E7FA8-40E8-484E-8E07-6A4ABAD4FA2E}.Debug|Win32.ActiveCfg = Debug|Win32
		{9A6E7FA8-40E8-484E-8E07-6A4ABAD4FA2E}.Debug|Win32.Build.0 = Debug|Win32
		{9A6E7FA8-40E8-484E-8E07-6A4ABAD4FA2E}.Release|Win32.ActiveCfg = Release|Win32
		{9A6E7FA8-40E8-484E-8E07-6A4ABAD4FA2E}.Release|Win32.Build.0 = Release|Win32
	EndGlobalSection
	GlobalSection(SolutionProperties) = preSolution
		HideSolutionNode = FALSE
	EndGlobalSection
EndGlobal
