
Microsoft Visual Studio Solution File, Format Version 10.00
# Visual Studio 2008
Project("{8BC9CEB8-8B4A-11D0-8D11-00A0C91BC942}") = "7_1", "7_1\7_1.vcproj", "{37906733-3A23-492E-B646-DB6D98F71491}"
EndProject
Project("{8BC9CEB8-8B4A-11D0-8D11-00A0C91BC942}") = "7_2", "7_2\7_2.vcproj", "{7D2297A9-56D2-493B-BC63-9A839B9F9448}"
EndProject
Project("{8BC9CEB8-8B4A-11D0-8D11-00A0C91BC942}") = "7_3", "7_3\7_3.vcproj", "{396D0434-9F3A-49F8-8CA5-D67E8F74B19A}"
EndProject
Project("{8BC9CEB8-8B4A-11D0-8D11-00A0C91BC942}") = "7_4", "7_4\7_4.vcproj", "{E9CAF54F-1DD5-4D30-B942-803153B24460}"
EndProject
Project("{8BC9CEB8-8B4A-11D0-8D11-00A0C91BC942}") = "7_5", "7_5\7_5.vcproj", "{D2637DFB-588F-4065-8CD7-D7F06023AFF4}"
EndProject
Project("{8BC9CEB8-8B4A-11D0-8D11-00A0C91BC942}") = "7_6", "7_6\7_6.vcproj", "{7942F955-DA1E-4FD4-8FE1-CBF1A7834AD6}"
EndProject
Project("{8BC9CEB8-8B4A-11D0-8D11-00A0C91BC942}") = "7_7", "7_7\7_7.vcproj", "{23BF0330-CC82-4B5B-B83B-3B9A176C5C98}"
EndProject
Project("{8BC9CEB8-8B4A-11D0-8D11-00A0C91BC942}") = "7_8", "7_8\7_8.vcproj", "{7D8F7A36-D8BE-4784-ADE9-D2FA6037FA1A}"
EndProject
Project("{8BC9CEB8-8B4A-11D0-8D11-00A0C91BC942}") = "7_9", "7_9\7_9.vcproj", "{B9738A90-A303-4B23-9B7F-E8EF101EAA7E}"
EndProject
Project("{8BC9CEB8-8B4A-11D0-8D11-00A0C91BC942}") = "7_10", "7_10\7_10.vcproj", "{B9F310E3-EA2B-409F-B8C0-A605A4DF4604}"
EndProject
Global
	GlobalSection(SolutionConfigurationPlatforms) = preSolution
		Debug|Win32 = Debug|Win32
		Release|Win32 = Release|Win32
	EndGlobalSection
	GlobalSection(ProjectConfigurationPlatforms) = postSolution
		{37906733-3A23-492E-B646-DB6D98F71491}.Debug|Win32.ActiveCfg = Debug|Win32
		{37906733-3A23-492E-B646-DB6D98F71491}.Debug|Win32.Build.0 = Debug|Win32
		{37906733-3A23-492E-B646-DB6D98F71491}.Release|Win32.ActiveCfg = Release|Win32
		{37906733-3A23-492E-B646-DB6D98F71491}.Release|Win32.Build.0 = Release|Win32
		{7D2297A9-56D2-493B-BC63-9A839B9F9448}.Debug|Win32.ActiveCfg = Debug|Win32
		{7D2297A9-56D2-493B-BC63-9A839B9F9448}.Debug|Win32.Build.0 = Debug|Win32
		{7D2297A9-56D2-493B-BC63-9A839B9F9448}.Release|Win32.ActiveCfg = Release|Win32
		{7D2297A9-56D2-493B-BC63-9A839B9F9448}.Release|Win32.Build.0 = Release|Win32
		{396D0434-9F3A-49F8-8CA5-D67E8F74B19A}.Debug|Win32.ActiveCfg = Debug|Win32
		{396D0434-9F3A-49F8-8CA5-D67E8F74B19A}.Debug|Win32.Build.0 = Debug|Win32
		{396D0434-9F3A-49F8-8CA5-D67E8F74B19A}.Release|Win32.ActiveCfg = Release|Win32
		{396D0434-9F3A-49F8-8CA5-D67E8F74B19A}.Release|Win32.Build.0 = Release|Win32
		{E9CAF54F-1DD5-4D30-B942-803153B24460}.Debug|Win32.ActiveCfg = Debug|Win32
		{E9CAF54F-1DD5-4D30-B942-803153B24460}.Debug|Win32.Build.0 = Debug|Win32
		{E9CAF54F-1DD5-4D30-B942-803153B24460}.Release|Win32.ActiveCfg = Release|Win32
		{E9CAF54F-1DD5-4D30-B942-803153B24460}.Release|Win32.Build.0 = Release|Win32
		{D2637DFB-588F-4065-8CD7-D7F06023AFF4}.Debug|Win32.ActiveCfg = Debug|Win32
		{D2637DFB-588F-4065-8CD7-D7F06023AFF4}.Debug|Win32.Build.0 = Debug|Win32
		{D2637DFB-588F-4065-8CD7-D7F06023AFF4}.Release|Win32.ActiveCfg = Release|Win32
		{D2637DFB-588F-4065-8CD7-D7F06023AFF4}.Release|Win32.Build.0 = Release|Win32
		{7942F955-DA1E-4FD4-8FE1-CBF1A7834AD6}.Debug|Win32.ActiveCfg = Debug|Win32
		{7942F955-DA1E-4FD4-8FE1-CBF1A7834AD6}.Debug|Win32.Build.0 = Debug|Win32
		{7942F955-DA1E-4FD4-8FE1-CBF1A7834AD6}.Release|Win32.ActiveCfg = Release|Win32
		{7942F955-DA1E-4FD4-8FE1-CBF1A7834AD6}.Release|Win32.Build.0 = Release|Win32
		{23BF0330-CC82-4B5B-B83B-3B9A176C5C98}.Debug|Win32.ActiveCfg = Debug|Win32
		{23BF0330-CC82-4B5B-B83B-3B9A176C5C98}.Debug|Win32.Build.0 = Debug|Win32
		{23BF0330-CC82-4B5B-B83B-3B9A176C5C98}.Release|Win32.ActiveCfg = Release|Win32
		{23BF0330-CC82-4B5B-B83B-3B9A176C5C98}.Release|Win32.Build.0 = Release|Win32
		{7D8F7A36-D8BE-4784-ADE9-D2FA6037FA1A}.Debug|Win32.ActiveCfg = Debug|Win32
		{7D8F7A36-D8BE-4784-ADE9-D2FA6037FA1A}.Debug|Win32.Build.0 = Debug|Win32
		{7D8F7A36-D8BE-4784-ADE9-D2FA6037FA1A}.Release|Win32.ActiveCfg = Release|Win32
		{7D8F7A36-D8BE-4784-ADE9-D2FA6037FA1A}.Release|Win32.Build.0 = Release|Win32
		{B9738A90-A303-4B23-9B7F-E8EF101EAA7E}.Debug|Win32.ActiveCfg = Debug|Win32
		{B9738A90-A303-4B23-9B7F-E8EF101EAA7E}.Debug|Win32.Build.0 = Debug|Win32
		{B9738A90-A303-4B23-9B7F-E8EF101EAA7E}.Release|Win32.ActiveCfg = Release|Win32
		{B9738A90-A303-4B23-9B7F-E8EF101EAA7E}.Release|Win32.Build.0 = Release|Win32
		{B9F310E3-EA2B-409F-B8C0-A605A4DF4604}.Debug|Win32.ActiveCfg = Debug|Win32
		{B9F310E3-EA2B-409F-B8C0-A605A4DF4604}.Debug|Win32.Build.0 = Debug|Win32
		{B9F310E3-EA2B-409F-B8C0-A605A4DF4604}.Release|Win32.ActiveCfg = Release|Win32
		{B9F310E3-EA2B-409F-B8C0-A605A4DF4604}.Release|Win32.Build.0 = Release|Win32
	EndGlobalSection
	GlobalSection(SolutionProperties) = preSolution
		HideSolutionNode = FALSE
	EndGlobalSection
EndGlobal
