
Microsoft Visual Studio Solution File, Format Version 10.00
# Visual Studio 2008
Project("{8BC9CEB8-8B4A-11D0-8D11-00A0C91BC942}") = "10_1", "10_1\10_1.vcproj", "{820CD511-9E08-492D-9078-D7440BBBB9EF}"
EndProject
Project("{8BC9CEB8-8B4A-11D0-8D11-00A0C91BC942}") = "10_2", "10_2\10_2.vcproj", "{58FEFD5E-D63A-45EE-9252-B3AFD03C4191}"
EndProject
Project("{8BC9CEB8-8B4A-11D0-8D11-00A0C91BC942}") = "10_3", "10_3\10_3.vcproj", "{C6712CCE-FA04-40C0-B13A-CC004C6BC535}"
EndProject
Project("{8BC9CEB8-8B4A-11D0-8D11-00A0C91BC942}") = "10_4", "10_4\10_4.vcproj", "{C07CA3F1-F8F9-40A8-8A2B-6656739E738A}"
EndProject
Project("{8BC9CEB8-8B4A-11D0-8D11-00A0C91BC942}") = "10_6", "10_6\10_6.vcproj", "{CC07710B-D2DF-4720-A72D-8BE1BED97AA4}"
EndProject
Project("{8BC9CEB8-8B4A-11D0-8D11-00A0C91BC942}") = "10_5", "10_5\10_5.vcproj", "{2CD24B3E-8D7D-486E-869D-1981203EDD82}"
EndProject
Project("{8BC9CEB8-8B4A-11D0-8D11-00A0C91BC942}") = "10_7", "10_7\10_7.vcproj", "{52AF2186-D47B-4ECE-9C7A-10EB24BBBD23}"
EndProject
Project("{8BC9CEB8-8B4A-11D0-8D11-00A0C91BC942}") = "10_8", "10_8\10_8.vcproj", "{F6D8220F-BCBC-4044-B5F2-1B1A46087DC9}"
EndProject
Project("{8BC9CEB8-8B4A-11D0-8D11-00A0C91BC942}") = "10_9", "10_9\10_9.vcproj", "{8B7E5F13-FE05-4E43-861D-17CD5936ED09}"
EndProject
Project("{8BC9CEB8-8B4A-11D0-8D11-00A0C91BC942}") = "10_10", "10_10\10_10.vcproj", "{C9AA088D-0BA0-40E2-A0B3-5A3E5BE70B5C}"
EndProject
Project("{8BC9CEB8-8B4A-11D0-8D11-00A0C91BC942}") = "10_11", "10_11\10_11.vcproj", "{1A7448BA-94DC-496A-90B1-85F22E2352B5}"
EndProject
Project("{8BC9CEB8-8B4A-11D0-8D11-00A0C91BC942}") = "10_12", "10_12\10_12.vcproj", "{D3823DF3-87C0-4E32-8240-B724788DB581}"
EndProject
Project("{8BC9CEB8-8B4A-11D0-8D11-00A0C91BC942}") = "10_24", "10_24\10_24.vcproj", "{B9F310E3-EA2B-409F-B8C0-A605A4DF4604}"
EndProject
Project("{8BC9CEB8-8B4A-11D0-8D11-00A0C91BC942}") = "10_13", "10_13\10_13.vcproj", "{EE44EE71-B07A-4BF6-9EFF-65A0AF3171BE}"
EndProject
Project("{8BC9CEB8-8B4A-11D0-8D11-00A0C91BC942}") = "10_14", "10_14\10_14.vcproj", "{930BBB42-4F00-427C-8CF3-F12C57571005}"
EndProject
Project("{8BC9CEB8-8B4A-11D0-8D11-00A0C91BC942}") = "10_15", "10_15\10_15.vcproj", "{8201F8A9-35AB-408D-BB3A-7D2E6CD10A90}"
EndProject
Project("{8BC9CEB8-8B4A-11D0-8D11-00A0C91BC942}") = "10_16", "10_16\10_16.vcproj", "{F16982E3-72C2-44A7-A568-A01D9656D7D7}"
EndProject
Project("{8BC9CEB8-8B4A-11D0-8D11-00A0C91BC942}") = "10_17", "10_17\10_17.vcproj", "{356912D6-D95E-47CE-84BB-B8449060F48C}"
EndProject
Project("{8BC9CEB8-8B4A-11D0-8D11-00A0C91BC942}") = "10_18", "10_18\10_18.vcproj", "{B3D5FE0E-E8C9-45E5-A979-72AE4AA91365}"
EndProject
Project("{8BC9CEB8-8B4A-11D0-8D11-00A0C91BC942}") = "10_19", "10_19\10_19.vcproj", "{0FA60275-1E1B-474E-8CF1-A5545032A828}"
EndProject
Project("{8BC9CEB8-8B4A-11D0-8D11-00A0C91BC942}") = "10_20", "10_20\10_20.vcproj", "{65796AA3-251C-4DD8-82DB-663F7D293EE9}"
EndProject
Project("{8BC9CEB8-8B4A-11D0-8D11-00A0C91BC942}") = "10_21", "10_21\10_21.vcproj", "{285C8C66-1B71-49A9-8363-765859A3F7C4}"
EndProject
Project("{8BC9CEB8-8B4A-11D0-8D11-00A0C91BC942}") = "10_22", "10_22\10_22.vcproj", "{34C67389-40B3-44E1-B947-E5C0F628231A}"
EndProject
Project("{8BC9CEB8-8B4A-11D0-8D11-00A0C91BC942}") = "10_23", "10_23\10_23.vcproj", "{0547C6A8-5FA8-429F-9B71-A95C91321E46}"
EndProject
Project("{8BC9CEB8-8B4A-11D0-8D11-00A0C91BC942}") = "10_25", "10_25\10_25.vcproj", "{9D2A3375-6E7A-4201-B18A-FB758F421BE0}"
EndProject
Project("{8BC9CEB8-8B4A-11D0-8D11-00A0C91BC942}") = "10_26", "10_26\10_26.vcproj", "{F6FF76B0-C053-4640-A296-7BB328A4458C}"
EndProject
Global
	GlobalSection(SolutionConfigurationPlatforms) = preSolution
		Debug|Win32 = Debug|Win32
		Release|Win32 = Release|Win32
	EndGlobalSection
	GlobalSection(ProjectConfigurationPlatforms) = postSolution
		{820CD511-9E08-492D-9078-D7440BBBB9EF}.Debug|Win32.ActiveCfg = Debug|Win32
		{820CD511-9E08-492D-9078-D7440BBBB9EF}.Debug|Win32.Build.0 = Debug|Win32
		{820CD511-9E08-492D-9078-D7440BBBB9EF}.Release|Win32.ActiveCfg = Release|Win32
		{820CD511-9E08-492D-9078-D7440BBBB9EF}.Release|Win32.Build.0 = Release|Win32
		{58FEFD5E-D63A-45EE-9252-B3AFD03C4191}.Debug|Win32.ActiveCfg = Debug|Win32
		{58FEFD5E-D63A-45EE-9252-B3AFD03C4191}.Debug|Win32.Build.0 = Debug|Win32
		{58FEFD5E-D63A-45EE-9252-B3AFD03C4191}.Release|Win32.ActiveCfg = Release|Win32
		{58FEFD5E-D63A-45EE-9252-B3AFD03C4191}.Release|Win32.Build.0 = Release|Win32
		{C6712CCE-FA04-40C0-B13A-CC004C6BC535}.Debug|Win32.ActiveCfg = Debug|Win32
		{C6712CCE-FA04-40C0-B13A-CC004C6BC535}.Debug|Win32.Build.0 = Debug|Win32
		{C6712CCE-FA04-40C0-B13A-CC004C6BC535}.Release|Win32.ActiveCfg = Release|Win32
		{C6712CCE-FA04-40C0-B13A-CC004C6BC535}.Release|Win32.Build.0 = Release|Win32
		{C07CA3F1-F8F9-40A8-8A2B-6656739E738A}.Debug|Win32.ActiveCfg = Debug|Win32
		{C07CA3F1-F8F9-40A8-8A2B-6656739E738A}.Debug|Win32.Build.0 = Debug|Win32
		{C07CA3F1-F8F9-40A8-8A2B-6656739E738A}.Release|Win32.ActiveCfg = Release|Win32
		{C07CA3F1-F8F9-40A8-8A2B-6656739E738A}.Release|Win32.Build.0 = Release|Win32
		{CC07710B-D2DF-4720-A72D-8BE1BED97AA4}.Debug|Win32.ActiveCfg = Debug|Win32
		{CC07710B-D2DF-4720-A72D-8BE1BED97AA4}.Debug|Win32.Build.0 = Debug|Win32
		{CC07710B-D2DF-4720-A72D-8BE1BED97AA4}.Release|Win32.ActiveCfg = Release|Win32
		{CC07710B-D2DF-4720-A72D-8BE1BED97AA4}.Release|Win32.Build.0 = Release|Win32
		{2CD24B3E-8D7D-486E-869D-1981203EDD82}.Debug|Win32.ActiveCfg = Debug|Win32
		{2CD24B3E-8D7D-486E-869D-1981203EDD82}.Debug|Win32.Build.0 = Debug|Win32
		{2CD24B3E-8D7D-486E-869D-1981203EDD82}.Release|Win32.ActiveCfg = Release|Win32
		{2CD24B3E-8D7D-486E-869D-1981203EDD82}.Release|Win32.Build.0 = Release|Win32
		{52AF2186-D47B-4ECE-9C7A-10EB24BBBD23}.Debug|Win32.ActiveCfg = Debug|Win32
		{52AF2186-D47B-4ECE-9C7A-10EB24BBBD23}.Debug|Win32.Build.0 = Debug|Win32
		{52AF2186-D47B-4ECE-9C7A-10EB24BBBD23}.Release|Win32.ActiveCfg = Release|Win32
		{52AF2186-D47B-4ECE-9C7A-10EB24BBBD23}.Release|Win32.Build.0 = Release|Win32
		{F6D8220F-BCBC-4044-B5F2-1B1A46087DC9}.Debug|Win32.ActiveCfg = Debug|Win32
		{F6D8220F-BCBC-4044-B5F2-1B1A46087DC9}.Debug|Win32.Build.0 = Debug|Win32
		{F6D8220F-BCBC-4044-B5F2-1B1A46087DC9}.Release|Win32.ActiveCfg = Release|Win32
		{F6D8220F-BCBC-4044-B5F2-1B1A46087DC9}.Release|Win32.Build.0 = Release|Win32
		{8B7E5F13-FE05-4E43-861D-17CD5936ED09}.Debug|Win32.ActiveCfg = Debug|Win32
		{8B7E5F13-FE05-4E43-861D-17CD5936ED09}.Debug|Win32.Build.0 = Debug|Win32
		{8B7E5F13-FE05-4E43-861D-17CD5936ED09}.Release|Win32.ActiveCfg = Release|Win32
		{8B7E5F13-FE05-4E43-861D-17CD5936ED09}.Release|Win32.Build.0 = Release|Win32
		{C9AA088D-0BA0-40E2-A0B3-5A3E5BE70B5C}.Debug|Win32.ActiveCfg = Debug|Win32
		{C9AA088D-0BA0-40E2-A0B3-5A3E5BE70B5C}.Debug|Win32.Build.0 = Debug|Win32
		{C9AA088D-0BA0-40E2-A0B3-5A3E5BE70B5C}.Release|Win32.ActiveCfg = Release|Win32
		{C9AA088D-0BA0-40E2-A0B3-5A3E5BE70B5C}.Release|Win32.Build.0 = Release|Win32
		{1A7448BA-94DC-496A-90B1-85F22E2352B5}.Debug|Win32.ActiveCfg = Debug|Win32
		{1A7448BA-94DC-496A-90B1-85F22E2352B5}.Debug|Win32.Build.0 = Debug|Win32
		{1A7448BA-94DC-496A-90B1-85F22E2352B5}.Release|Win32.ActiveCfg = Release|Win32
		{1A7448BA-94DC-496A-90B1-85F22E2352B5}.Release|Win32.Build.0 = Release|Win32
		{D3823DF3-87C0-4E32-8240-B724788DB581}.Debug|Win32.ActiveCfg = Debug|Win32
		{D3823DF3-87C0-4E32-8240-B724788DB581}.Debug|Win32.Build.0 = Debug|Win32
		{D3823DF3-87C0-4E32-8240-B724788DB581}.Release|Win32.ActiveCfg = Release|Win32
		{D3823DF3-87C0-4E32-8240-B724788DB581}.Release|Win32.Build.0 = Release|Win32
		{B9F310E3-EA2B-409F-B8C0-A605A4DF4604}.Debug|Win32.ActiveCfg = Debug|Win32
		{B9F310E3-EA2B-409F-B8C0-A605A4DF4604}.Debug|Win32.Build.0 = Debug|Win32
		{B9F310E3-EA2B-409F-B8C0-A605A4DF4604}.Release|Win32.ActiveCfg = Release|Win32
		{B9F310E3-EA2B-409F-B8C0-A605A4DF4604}.Release|Win32.Build.0 = Release|Win32
		{EE44EE71-B07A-4BF6-9EFF-65A0AF3171BE}.Debug|Win32.ActiveCfg = Debug|Win32
		{EE44EE71-B07A-4BF6-9EFF-65A0AF3171BE}.Debug|Win32.Build.0 = Debug|Win32
		{EE44EE71-B07A-4BF6-9EFF-65A0AF3171BE}.Release|Win32.ActiveCfg = Release|Win32
		{EE44EE71-B07A-4BF6-9EFF-65A0AF3171BE}.Release|Win32.Build.0 = Release|Win32
		{930BBB42-4F00-427C-8CF3-F12C57571005}.Debug|Win32.ActiveCfg = Debug|Win32
		{930BBB42-4F00-427C-8CF3-F12C57571005}.Debug|Win32.Build.0 = Debug|Win32
		{930BBB42-4F00-427C-8CF3-F12C57571005}.Release|Win32.ActiveCfg = Release|Win32
		{930BBB42-4F00-427C-8CF3-F12C57571005}.Release|Win32.Build.0 = Release|Win32
		{8201F8A9-35AB-408D-BB3A-7D2E6CD10A90}.Debug|Win32.ActiveCfg = Debug|Win32
		{8201F8A9-35AB-408D-BB3A-7D2E6CD10A90}.Debug|Win32.Build.0 = Debug|Win32
		{8201F8A9-35AB-408D-BB3A-7D2E6CD10A90}.Release|Win32.ActiveCfg = Release|Win32
		{8201F8A9-35AB-408D-BB3A-7D2E6CD10A90}.Release|Win32.Build.0 = Release|Win32
		{F16982E3-72C2-44A7-A568-A01D9656D7D7}.Debug|Win32.ActiveCfg = Debug|Win32
		{F16982E3-72C2-44A7-A568-A01D9656D7D7}.Debug|Win32.Build.0 = Debug|Win32
		{F16982E3-72C2-44A7-A568-A01D9656D7D7}.Release|Win32.ActiveCfg = Release|Win32
		{F16982E3-72C2-44A7-A568-A01D9656D7D7}.Release|Win32.Build.0 = Release|Win32
		{356912D6-D95E-47CE-84BB-B8449060F48C}.Debug|Win32.ActiveCfg = Debug|Win32
		{356912D6-D95E-47CE-84BB-B8449060F48C}.Debug|Win32.Build.0 = Debug|Win32
		{356912D6-D95E-47CE-84BB-B8449060F48C}.Release|Win32.ActiveCfg = Release|Win32
		{356912D6-D95E-47CE-84BB-B8449060F48C}.Release|Win32.Build.0 = Release|Win32
		{B3D5FE0E-E8C9-45E5-A979-72AE4AA91365}.Debug|Win32.ActiveCfg = Debug|Win32
		{B3D5FE0E-E8C9-45E5-A979-72AE4AA91365}.Debug|Win32.Build.0 = Debug|Win32
		{B3D5FE0E-E8C9-45E5-A979-72AE4AA91365}.Release|Win32.ActiveCfg = Release|Win32
		{B3D5FE0E-E8C9-45E5-A979-72AE4AA91365}.Release|Win32.Build.0 = Release|Win32
		{0FA60275-1E1B-474E-8CF1-A5545032A828}.Debug|Win32.ActiveCfg = Debug|Win32
		{0FA60275-1E1B-474E-8CF1-A5545032A828}.Debug|Win32.Build.0 = Debug|Win32
		{0FA60275-1E1B-474E-8CF1-A5545032A828}.Release|Win32.ActiveCfg = Release|Win32
		{0FA60275-1E1B-474E-8CF1-A5545032A828}.Release|Win32.Build.0 = Release|Win32
		{65796AA3-251C-4DD8-82DB-663F7D293EE9}.Debug|Win32.ActiveCfg = Debug|Win32
		{65796AA3-251C-4DD8-82DB-663F7D293EE9}.Debug|Win32.Build.0 = Debug|Win32
		{65796AA3-251C-4DD8-82DB-663F7D293EE9}.Release|Win32.ActiveCfg = Release|Win32
		{65796AA3-251C-4DD8-82DB-663F7D293EE9}.Release|Win32.Build.0 = Release|Win32
		{285C8C66-1B71-49A9-8363-765859A3F7C4}.Debug|Win32.ActiveCfg = Debug|Win32
		{285C8C66-1B71-49A9-8363-765859A3F7C4}.Debug|Win32.Build.0 = Debug|Win32
		{285C8C66-1B71-49A9-8363-765859A3F7C4}.Release|Win32.ActiveCfg = Release|Win32
		{285C8C66-1B71-49A9-8363-765859A3F7C4}.Release|Win32.Build.0 = Release|Win32
		{34C67389-40B3-44E1-B947-E5C0F628231A}.Debug|Win32.ActiveCfg = Debug|Win32
		{34C67389-40B3-44E1-B947-E5C0F628231A}.Debug|Win32.Build.0 = Debug|Win32
		{34C67389-40B3-44E1-B947-E5C0F628231A}.Release|Win32.ActiveCfg = Release|Win32
		{34C67389-40B3-44E1-B947-E5C0F628231A}.Release|Win32.Build.0 = Release|Win32
		{0547C6A8-5FA8-429F-9B71-A95C91321E46}.Debug|Win32.ActiveCfg = Debug|Win32
		{0547C6A8-5FA8-429F-9B71-A95C91321E46}.Debug|Win32.Build.0 = Debug|Win32
		{0547C6A8-5FA8-429F-9B71-A95C91321E46}.Release|Win32.ActiveCfg = Release|Win32
		{0547C6A8-5FA8-429F-9B71-A95C91321E46}.Release|Win32.Build.0 = Release|Win32
		{9D2A3375-6E7A-4201-B18A-FB758F421BE0}.Debug|Win32.ActiveCfg = Debug|Win32
		{9D2A3375-6E7A-4201-B18A-FB758F421BE0}.Debug|Win32.Build.0 = Debug|Win32
		{9D2A3375-6E7A-4201-B18A-FB758F421BE0}.Release|Win32.ActiveCfg = Release|Win32
		{9D2A3375-6E7A-4201-B18A-FB758F421BE0}.Release|Win32.Build.0 = Release|Win32
		{F6FF76B0-C053-4640-A296-7BB328A4458C}.Debug|Win32.ActiveCfg = Debug|Win32
		{F6FF76B0-C053-4640-A296-7BB328A4458C}.Debug|Win32.Build.0 = Debug|Win32
		{F6FF76B0-C053-4640-A296-7BB328A4458C}.Release|Win32.ActiveCfg = Release|Win32
		{F6FF76B0-C053-4640-A296-7BB328A4458C}.Release|Win32.Build.0 = Release|Win32
	EndGlobalSection
	GlobalSection(SolutionProperties) = preSolution
		HideSolutionNode = FALSE
	EndGlobalSection
EndGlobal
