
Microsoft Visual Studio Solution File, Format Version 10.00
# Visual Studio 2008
Project("{8BC9CEB8-8B4A-11D0-8D11-00A0C91BC942}") = "6_1", "6_1\6_1.vcproj", "{46248A35-43D9-4B40-9060-70F843AAC15B}"
EndProject
Project("{8BC9CEB8-8B4A-11D0-8D11-00A0C91BC942}") = "6_2", "6_2\6_2.vcproj", "{67D72FCE-812A-4184-B712-8C9F86340F3E}"
EndProject
Project("{8BC9CEB8-8B4A-11D0-8D11-00A0C91BC942}") = "6_3", "6_3\6_3.vcproj", "{C7C0E4C4-732F-4A66-A1AD-8C95F5D639BA}"
EndProject
Project("{8BC9CEB8-8B4A-11D0-8D11-00A0C91BC942}") = "6_4", "6_4\6_4.vcproj", "{4D744AB7-9EAF-4836-AD6A-D6FE5E665BF9}"
EndProject
Project("{8BC9CEB8-8B4A-11D0-8D11-00A0C91BC942}") = "6_5", "6_5\6_5.vcproj", "{14A6410F-EA37-49ED-A5B0-82D13AC836A7}"
EndProject
Project("{8BC9CEB8-8B4A-11D0-8D11-00A0C91BC942}") = "6_6", "6_6\6_6.vcproj", "{D60EF1EA-FB6E-44F4-9978-C24F67C0F0EF}"
EndProject
Project("{8BC9CEB8-8B4A-11D0-8D11-00A0C91BC942}") = "6_7_1", "6_7_1\6_7_1.vcproj", "{60FA51F4-6D38-4F76-A414-B1940742D1EC}"
EndProject
Project("{8BC9CEB8-8B4A-11D0-8D11-00A0C91BC942}") = "6_7_2", "6_7_2\6_7_2.vcproj", "{E565505A-BB1B-4161-9569-4C1DF469E3A2}"
EndProject
Project("{8BC9CEB8-8B4A-11D0-8D11-00A0C91BC942}") = "6_7_3", "6_7_3\6_7_3.vcproj", "{A16F6DC9-416A-43B9-B60C-613B303E0C8A}"
EndProject
Project("{8BC9CEB8-8B4A-11D0-8D11-00A0C91BC942}") = "6_8", "6_8\6_8.vcproj", "{83546B1D-6577-46AB-866F-49AF0582A964}"
EndProject
Project("{8BC9CEB8-8B4A-11D0-8D11-00A0C91BC942}") = "6_9", "6_9\6_9.vcproj", "{A25AA165-FB84-4183-8A33-2B3260608682}"
EndProject
Project("{8BC9CEB8-8B4A-11D0-8D11-00A0C91BC942}") = "6_10", "6_10\6_10.vcproj", "{6940B758-2729-42D0-866F-B1E580F52695}"
EndProject
Project("{8BC9CEB8-8B4A-11D0-8D11-00A0C91BC942}") = "6_11", "6_11\6_11.vcproj", "{DDBCD17E-8D3E-4EC7-8C3C-191EB065CB1A}"
EndProject
Project("{8BC9CEB8-8B4A-11D0-8D11-00A0C91BC942}") = "6_12", "6_12\6_12.vcproj", "{E48858C0-9F89-4758-A69F-5574A9C21454}"
EndProject
Project("{8BC9CEB8-8B4A-11D0-8D11-00A0C91BC942}") = "6_13", "6_13\6_13.vcproj", "{5D364472-535C-491D-A423-39100E4D6D86}"
EndProject
Project("{8BC9CEB8-8B4A-11D0-8D11-00A0C91BC942}") = "6_14", "6_14\6_14.vcproj", "{7611BCF4-A062-4EC8-B5E8-D24F9EFC6B05}"
EndProject
Project("{8BC9CEB8-8B4A-11D0-8D11-00A0C91BC942}") = "6_15", "6_15\6_15.vcproj", "{2EC94192-9D11-4186-8BA3-9B555FD8C847}"
EndProject
Project("{8BC9CEB8-8B4A-11D0-8D11-00A0C91BC942}") = "6_16", "6_16\6_16.vcproj", "{E25FA71E-D745-4DB3-A39B-7FAE1FBC7BFA}"
EndProject
Project("{8BC9CEB8-8B4A-11D0-8D11-00A0C91BC942}") = "6_17", "6_17\6_17.vcproj", "{1C0D04B0-38B9-4479-85BF-FFDA586FBACE}"
EndProject
Project("{8BC9CEB8-8B4A-11D0-8D11-00A0C91BC942}") = "6_18", "6_18\6_18.vcproj", "{CACC15BE-0B65-452F-ABDB-33FFC6553D27}"
EndProject
Project("{8BC9CEB8-8B4A-11D0-8D11-00A0C91BC942}") = "6_19", "6_19\6_19.vcproj", "{53E86AF5-EC8A-4BE5-A3E5-EE819784C33D}"
EndProject
Project("{8BC9CEB8-8B4A-11D0-8D11-00A0C91BC942}") = "6_20", "6_20\6_20.vcproj", "{A6574890-269A-4222-BE88-C2A1528C4C83}"
EndProject
Project("{8BC9CEB8-8B4A-11D0-8D11-00A0C91BC942}") = "6_21", "6_21\6_21.vcproj", "{C6922D90-BCF3-447A-A976-E44CAA7A8118}"
EndProject
Project("{8BC9CEB8-8B4A-11D0-8D11-00A0C91BC942}") = "6_22", "6_22\6_22.vcproj", "{DE24B7D8-4373-44F0-96B0-8666E84ECF3A}"
EndProject
Project("{8BC9CEB8-8B4A-11D0-8D11-00A0C91BC942}") = "6_23", "6_23\6_23.vcproj", "{B74E5D3B-E62E-4396-BF90-5F3A4D75464C}"
EndProject
Project("{8BC9CEB8-8B4A-11D0-8D11-00A0C91BC942}") = "6_24", "6_24\6_24.vcproj", "{7414A605-C53D-4404-8A5E-886831EB290A}"
EndProject
Project("{8BC9CEB8-8B4A-11D0-8D11-00A0C91BC942}") = "6_25", "6_25\6_25.vcproj", "{B9F310E3-EA2B-409F-B8C0-A605A4DF4604}"
EndProject
Global
	GlobalSection(SolutionConfigurationPlatforms) = preSolution
		Debug|Win32 = Debug|Win32
		Release|Win32 = Release|Win32
	EndGlobalSection
	GlobalSection(ProjectConfigurationPlatforms) = postSolution
		{46248A35-43D9-4B40-9060-70F843AAC15B}.Debug|Win32.ActiveCfg = Debug|Win32
		{46248A35-43D9-4B40-9060-70F843AAC15B}.Debug|Win32.Build.0 = Debug|Win32
		{46248A35-43D9-4B40-9060-70F843AAC15B}.Release|Win32.ActiveCfg = Release|Win32
		{46248A35-43D9-4B40-9060-70F843AAC15B}.Release|Win32.Build.0 = Release|Win32
		{67D72FCE-812A-4184-B712-8C9F86340F3E}.Debug|Win32.ActiveCfg = Debug|Win32
		{67D72FCE-812A-4184-B712-8C9F86340F3E}.Debug|Win32.Build.0 = Debug|Win32
		{67D72FCE-812A-4184-B712-8C9F86340F3E}.Release|Win32.ActiveCfg = Release|Win32
		{67D72FCE-812A-4184-B712-8C9F86340F3E}.Release|Win32.Build.0 = Release|Win32
		{C7C0E4C4-732F-4A66-A1AD-8C95F5D639BA}.Debug|Win32.ActiveCfg = Debug|Win32
		{C7C0E4C4-732F-4A66-A1AD-8C95F5D639BA}.Debug|Win32.Build.0 = Debug|Win32
		{C7C0E4C4-732F-4A66-A1AD-8C95F5D639BA}.Release|Win32.ActiveCfg = Release|Win32
		{C7C0E4C4-732F-4A66-A1AD-8C95F5D639BA}.Release|Win32.Build.0 = Release|Win32
		{4D744AB7-9EAF-4836-AD6A-D6FE5E665BF9}.Debug|Win32.ActiveCfg = Debug|Win32
		{4D744AB7-9EAF-4836-AD6A-D6FE5E665BF9}.Debug|Win32.Build.0 = Debug|Win32
		{4D744AB7-9EAF-4836-AD6A-D6FE5E665BF9}.Release|Win32.ActiveCfg = Release|Win32
		{4D744AB7-9EAF-4836-AD6A-D6FE5E665BF9}.Release|Win32.Build.0 = Release|Win32
		{14A6410F-EA37-49ED-A5B0-82D13AC836A7}.Debug|Win32.ActiveCfg = Debug|Win32
		{14A6410F-EA37-49ED-A5B0-82D13AC836A7}.Debug|Win32.Build.0 = Debug|Win32
		{14A6410F-EA37-49ED-A5B0-82D13AC836A7}.Release|Win32.ActiveCfg = Release|Win32
		{14A6410F-EA37-49ED-A5B0-82D13AC836A7}.Release|Win32.Build.0 = Release|Win32
		{D60EF1EA-FB6E-44F4-9978-C24F67C0F0EF}.Debug|Win32.ActiveCfg = Debug|Win32
		{D60EF1EA-FB6E-44F4-9978-C24F67C0F0EF}.Debug|Win32.Build.0 = Debug|Win32
		{D60EF1EA-FB6E-44F4-9978-C24F67C0F0EF}.Release|Win32.ActiveCfg = Release|Win32
		{D60EF1EA-FB6E-44F4-9978-C24F67C0F0EF}.Release|Win32.Build.0 = Release|Win32
		{60FA51F4-6D38-4F76-A414-B1940742D1EC}.Debug|Win32.ActiveCfg = Debug|Win32
		{60FA51F4-6D38-4F76-A414-B1940742D1EC}.Debug|Win32.Build.0 = Debug|Win32
		{60FA51F4-6D38-4F76-A414-B1940742D1EC}.Release|Win32.ActiveCfg = Release|Win32
		{60FA51F4-6D38-4F76-A414-B1940742D1EC}.Release|Win32.Build.0 = Release|Win32
		{E565505A-BB1B-4161-9569-4C1DF469E3A2}.Debug|Win32.ActiveCfg = Debug|Win32
		{E565505A-BB1B-4161-9569-4C1DF469E3A2}.Debug|Win32.Build.0 = Debug|Win32
		{E565505A-BB1B-4161-9569-4C1DF469E3A2}.Release|Win32.ActiveCfg = Release|Win32
		{E565505A-BB1B-4161-9569-4C1DF469E3A2}.Release|Win32.Build.0 = Release|Win32
		{A16F6DC9-416A-43B9-B60C-613B303E0C8A}.Debug|Win32.ActiveCfg = Debug|Win32
		{A16F6DC9-416A-43B9-B60C-613B303E0C8A}.Debug|Win32.Build.0 = Debug|Win32
		{A16F6DC9-416A-43B9-B60C-613B303E0C8A}.Release|Win32.ActiveCfg = Release|Win32
		{A16F6DC9-416A-43B9-B60C-613B303E0C8A}.Release|Win32.Build.0 = Release|Win32
		{83546B1D-6577-46AB-866F-49AF0582A964}.Debug|Win32.ActiveCfg = Debug|Win32
		{83546B1D-6577-46AB-866F-49AF0582A964}.Debug|Win32.Build.0 = Debug|Win32
		{83546B1D-6577-46AB-866F-49AF0582A964}.Release|Win32.ActiveCfg = Release|Win32
		{83546B1D-6577-46AB-866F-49AF0582A964}.Release|Win32.Build.0 = Release|Win32
		{A25AA165-FB84-4183-8A33-2B3260608682}.Debug|Win32.ActiveCfg = Debug|Win32
		{A25AA165-FB84-4183-8A33-2B3260608682}.Debug|Win32.Build.0 = Debug|Win32
		{A25AA165-FB84-4183-8A33-2B3260608682}.Release|Win32.ActiveCfg = Release|Win32
		{A25AA165-FB84-4183-8A33-2B3260608682}.Release|Win32.Build.0 = Release|Win32
		{6940B758-2729-42D0-866F-B1E580F52695}.Debug|Win32.ActiveCfg = Debug|Win32
		{6940B758-2729-42D0-866F-B1E580F52695}.Debug|Win32.Build.0 = Debug|Win32
		{6940B758-2729-42D0-866F-B1E580F52695}.Release|Win32.ActiveCfg = Release|Win32
		{6940B758-2729-42D0-866F-B1E580F52695}.Release|Win32.Build.0 = Release|Win32
		{DDBCD17E-8D3E-4EC7-8C3C-191EB065CB1A}.Debug|Win32.ActiveCfg = Debug|Win32
		{DDBCD17E-8D3E-4EC7-8C3C-191EB065CB1A}.Debug|Win32.Build.0 = Debug|Win32
		{DDBCD17E-8D3E-4EC7-8C3C-191EB065CB1A}.Release|Win32.ActiveCfg = Release|Win32
		{DDBCD17E-8D3E-4EC7-8C3C-191EB065CB1A}.Release|Win32.Build.0 = Release|Win32
		{E48858C0-9F89-4758-A69F-5574A9C21454}.Debug|Win32.ActiveCfg = Debug|Win32
		{E48858C0-9F89-4758-A69F-5574A9C21454}.Debug|Win32.Build.0 = Debug|Win32
		{E48858C0-9F89-4758-A69F-5574A9C21454}.Release|Win32.ActiveCfg = Release|Win32
		{E48858C0-9F89-4758-A69F-5574A9C21454}.Release|Win32.Build.0 = Release|Win32
		{5D364472-535C-491D-A423-39100E4D6D86}.Debug|Win32.ActiveCfg = Debug|Win32
		{5D364472-535C-491D-A423-39100E4D6D86}.Debug|Win32.Build.0 = Debug|Win32
		{5D364472-535C-491D-A423-39100E4D6D86}.Release|Win32.ActiveCfg = Release|Win32
		{5D364472-535C-491D-A423-39100E4D6D86}.Release|Win32.Build.0 = Release|Win32
		{7611BCF4-A062-4EC8-B5E8-D24F9EFC6B05}.Debug|Win32.ActiveCfg = Debug|Win32
		{7611BCF4-A062-4EC8-B5E8-D24F9EFC6B05}.Debug|Win32.Build.0 = Debug|Win32
		{7611BCF4-A062-4EC8-B5E8-D24F9EFC6B05}.Release|Win32.ActiveCfg = Release|Win32
		{7611BCF4-A062-4EC8-B5E8-D24F9EFC6B05}.Release|Win32.Build.0 = Release|Win32
		{2EC94192-9D11-4186-8BA3-9B555FD8C847}.Debug|Win32.ActiveCfg = Debug|Win32
		{2EC94192-9D11-4186-8BA3-9B555FD8C847}.Debug|Win32.Build.0 = Debug|Win32
		{2EC94192-9D11-4186-8BA3-9B555FD8C847}.Release|Win32.ActiveCfg = Release|Win32
		{2EC94192-9D11-4186-8BA3-9B555FD8C847}.Release|Win32.Build.0 = Release|Win32
		{E25FA71E-D745-4DB3-A39B-7FAE1FBC7BFA}.Debug|Win32.ActiveCfg = Debug|Win32
		{E25FA71E-D745-4DB3-A39B-7FAE1FBC7BFA}.Debug|Win32.Build.0 = Debug|Win32
		{E25FA71E-D745-4DB3-A39B-7FAE1FBC7BFA}.Release|Win32.ActiveCfg = Release|Win32
		{E25FA71E-D745-4DB3-A39B-7FAE1FBC7BFA}.Release|Win32.Build.0 = Release|Win32
		{1C0D04B0-38B9-4479-85BF-FFDA586FBACE}.Debug|Win32.ActiveCfg = Debug|Win32
		{1C0D04B0-38B9-4479-85BF-FFDA586FBACE}.Debug|Win32.Build.0 = Debug|Win32
		{1C0D04B0-38B9-4479-85BF-FFDA586FBACE}.Release|Win32.ActiveCfg = Release|Win32
		{1C0D04B0-38B9-4479-85BF-FFDA586FBACE}.Release|Win32.Build.0 = Release|Win32
		{CACC15BE-0B65-452F-ABDB-33FFC6553D27}.Debug|Win32.ActiveCfg = Debug|Win32
		{CACC15BE-0B65-452F-ABDB-33FFC6553D27}.Debug|Win32.Build.0 = Debug|Win32
		{CACC15BE-0B65-452F-ABDB-33FFC6553D27}.Release|Win32.ActiveCfg = Release|Win32
		{CACC15BE-0B65-452F-ABDB-33FFC6553D27}.Release|Win32.Build.0 = Release|Win32
		{53E86AF5-EC8A-4BE5-A3E5-EE819784C33D}.Debug|Win32.ActiveCfg = Debug|Win32
		{53E86AF5-EC8A-4BE5-A3E5-EE819784C33D}.Debug|Win32.Build.0 = Debug|Win32
		{53E86AF5-EC8A-4BE5-A3E5-EE819784C33D}.Release|Win32.ActiveCfg = Release|Win32
		{53E86AF5-EC8A-4BE5-A3E5-EE819784C33D}.Release|Win32.Build.0 = Release|Win32
		{A6574890-269A-4222-BE88-C2A1528C4C83}.Debug|Win32.ActiveCfg = Debug|Win32
		{A6574890-269A-4222-BE88-C2A1528C4C83}.Debug|Win32.Build.0 = Debug|Win32
		{A6574890-269A-4222-BE88-C2A1528C4C83}.Release|Win32.ActiveCfg = Release|Win32
		{A6574890-269A-4222-BE88-C2A1528C4C83}.Release|Win32.Build.0 = Release|Win32
		{C6922D90-BCF3-447A-A976-E44CAA7A8118}.Debug|Win32.ActiveCfg = Debug|Win32
		{C6922D90-BCF3-447A-A976-E44CAA7A8118}.Debug|Win32.Build.0 = Debug|Win32
		{C6922D90-BCF3-447A-A976-E44CAA7A8118}.Release|Win32.ActiveCfg = Release|Win32
		{C6922D90-BCF3-447A-A976-E44CAA7A8118}.Release|Win32.Build.0 = Release|Win32
		{DE24B7D8-4373-44F0-96B0-8666E84ECF3A}.Debug|Win32.ActiveCfg = Debug|Win32
		{DE24B7D8-4373-44F0-96B0-8666E84ECF3A}.Debug|Win32.Build.0 = Debug|Win32
		{DE24B7D8-4373-44F0-96B0-8666E84ECF3A}.Release|Win32.ActiveCfg = Release|Win32
		{DE24B7D8-4373-44F0-96B0-8666E84ECF3A}.Release|Win32.Build.0 = Release|Win32
		{B74E5D3B-E62E-4396-BF90-5F3A4D75464C}.Debug|Win32.ActiveCfg = Debug|Win32
		{B74E5D3B-E62E-4396-BF90-5F3A4D75464C}.Debug|Win32.Build.0 = Debug|Win32
		{B74E5D3B-E62E-4396-BF90-5F3A4D75464C}.Release|Win32.ActiveCfg = Release|Win32
		{B74E5D3B-E62E-4396-BF90-5F3A4D75464C}.Release|Win32.Build.0 = Release|Win32
		{7414A605-C53D-4404-8A5E-886831EB290A}.Debug|Win32.ActiveCfg = Debug|Win32
		{7414A605-C53D-4404-8A5E-886831EB290A}.Debug|Win32.Build.0 = Debug|Win32
		{7414A605-C53D-4404-8A5E-886831EB290A}.Release|Win32.ActiveCfg = Release|Win32
		{7414A605-C53D-4404-8A5E-886831EB290A}.Release|Win32.Build.0 = Release|Win32
		{B9F310E3-EA2B-409F-B8C0-A605A4DF4604}.Debug|Win32.ActiveCfg = Debug|Win32
		{B9F310E3-EA2B-409F-B8C0-A605A4DF4604}.Debug|Win32.Build.0 = Debug|Win32
		{B9F310E3-EA2B-409F-B8C0-A605A4DF4604}.Release|Win32.ActiveCfg = Release|Win32
		{B9F310E3-EA2B-409F-B8C0-A605A4DF4604}.Release|Win32.Build.0 = Release|Win32
	EndGlobalSection
	GlobalSection(SolutionProperties) = preSolution
		HideSolutionNode = FALSE
	EndGlobalSection
EndGlobal
