
Microsoft Visual Studio Solution File, Format Version 10.00
# Visual Studio 2008
Project("{8BC9CEB8-8B4A-11D0-8D11-00A0C91BC942}") = "5_1", "5_1\5_1.vcproj", "{88CA38A0-0606-41F9-93DD-16027755A6F8}"
EndProject
Project("{8BC9CEB8-8B4A-11D0-8D11-00A0C91BC942}") = "5_2", "5_2\5_2.vcproj", "{1DE80CE7-4835-42A0-B143-F69B5EA87D14}"
EndProject
Project("{8BC9CEB8-8B4A-11D0-8D11-00A0C91BC942}") = "5_3", "5_3\5_3.vcproj", "{7560CA1C-B590-4DF5-8A36-2D40E926DCF9}"
EndProject
Project("{8BC9CEB8-8B4A-11D0-8D11-00A0C91BC942}") = "5_4", "5_4\5_4.vcproj", "{8E223499-DD4C-4D93-B80B-F563BD9230AD}"
EndProject
Project("{8BC9CEB8-8B4A-11D0-8D11-00A0C91BC942}") = "5_5", "5_5\5_5.vcproj", "{861247A3-ACC4-467F-99CB-912F06E33AD1}"
EndProject
Project("{8BC9CEB8-8B4A-11D0-8D11-00A0C91BC942}") = "5_6", "5_6\5_6.vcproj", "{DE25E5E6-B282-44FF-9CFE-E23C3156903D}"
EndProject
Project("{8BC9CEB8-8B4A-11D0-8D11-00A0C91BC942}") = "5_7", "5_7\5_7.vcproj", "{5556535C-EBAE-41A4-9503-AAE91998EF7C}"
EndProject
Project("{8BC9CEB8-8B4A-11D0-8D11-00A0C91BC942}") = "5_8", "5_8\5_8.vcproj", "{0321521B-7C21-437B-B01A-CF0A4E47D68E}"
EndProject
Project("{8BC9CEB8-8B4A-11D0-8D11-00A0C91BC942}") = "5_9", "5_9\5_9.vcproj", "{75E86076-1437-42E1-8A24-159CCC89A3D0}"
EndProject
Project("{8BC9CEB8-8B4A-11D0-8D11-00A0C91BC942}") = "5_10", "5_10\5_10.vcproj", "{4383C908-0AD9-4C83-877D-6D3544B75AB0}"
EndProject
Project("{8BC9CEB8-8B4A-11D0-8D11-00A0C91BC942}") = "5_11", "5_11\5_11.vcproj", "{B9F310E3-EA2B-409F-B8C0-A605A4DF4604}"
EndProject
Global
	GlobalSection(SolutionConfigurationPlatforms) = preSolution
		Debug|Win32 = Debug|Win32
		Release|Win32 = Release|Win32
	EndGlobalSection
	GlobalSection(ProjectConfigurationPlatforms) = postSolution
		{88CA38A0-0606-41F9-93DD-16027755A6F8}.Debug|Win32.ActiveCfg = Debug|Win32
		{88CA38A0-0606-41F9-93DD-16027755A6F8}.Debug|Win32.Build.0 = Debug|Win32
		{88CA38A0-0606-41F9-93DD-16027755A6F8}.Release|Win32.ActiveCfg = Release|Win32
		{88CA38A0-0606-41F9-93DD-16027755A6F8}.Release|Win32.Build.0 = Release|Win32
		{1DE80CE7-4835-42A0-B143-F69B5EA87D14}.Debug|Win32.ActiveCfg = Debug|Win32
		{1DE80CE7-4835-42A0-B143-F69B5EA87D14}.Debug|Win32.Build.0 = Debug|Win32
		{1DE80CE7-4835-42A0-B143-F69B5EA87D14}.Release|Win32.ActiveCfg = Release|Win32
		{1DE80CE7-4835-42A0-B143-F69B5EA87D14}.Release|Win32.Build.0 = Release|Win32
		{7560CA1C-B590-4DF5-8A36-2D40E926DCF9}.Debug|Win32.ActiveCfg = Debug|Win32
		{7560CA1C-B590-4DF5-8A36-2D40E926DCF9}.Debug|Win32.Build.0 = Debug|Win32
		{7560CA1C-B590-4DF5-8A36-2D40E926DCF9}.Release|Win32.ActiveCfg = Release|Win32
		{7560CA1C-B590-4DF5-8A36-2D40E926DCF9}.Release|Win32.Build.0 = Release|Win32
		{8E223499-DD4C-4D93-B80B-F563BD9230AD}.Debug|Win32.ActiveCfg = Debug|Win32
		{8E223499-DD4C-4D93-B80B-F563BD9230AD}.Debug|Win32.Build.0 = Debug|Win32
		{8E223499-DD4C-4D93-B80B-F563BD9230AD}.Release|Win32.ActiveCfg = Release|Win32
		{8E223499-DD4C-4D93-B80B-F563BD9230AD}.Release|Win32.Build.0 = Release|Win32
		{861247A3-ACC4-467F-99CB-912F06E33AD1}.Debug|Win32.ActiveCfg = Debug|Win32
		{861247A3-ACC4-467F-99CB-912F06E33AD1}.Debug|Win32.Build.0 = Debug|Win32
		{861247A3-ACC4-467F-99CB-912F06E33AD1}.Release|Win32.ActiveCfg = Release|Win32
		{861247A3-ACC4-467F-99CB-912F06E33AD1}.Release|Win32.Build.0 = Release|Win32
		{DE25E5E6-B282-44FF-9CFE-E23C3156903D}.Debug|Win32.ActiveCfg = Debug|Win32
		{DE25E5E6-B282-44FF-9CFE-E23C3156903D}.Debug|Win32.Build.0 = Debug|Win32
		{DE25E5E6-B282-44FF-9CFE-E23C3156903D}.Release|Win32.ActiveCfg = Release|Win32
		{DE25E5E6-B282-44FF-9CFE-E23C3156903D}.Release|Win32.Build.0 = Release|Win32
		{5556535C-EBAE-41A4-9503-AAE91998EF7C}.Debug|Win32.ActiveCfg = Debug|Win32
		{5556535C-EBAE-41A4-9503-AAE91998EF7C}.Debug|Win32.Build.0 = Debug|Win32
		{5556535C-EBAE-41A4-9503-AAE91998EF7C}.Release|Win32.ActiveCfg = Release|Win32
		{5556535C-EBAE-41A4-9503-AAE91998EF7C}.Release|Win32.Build.0 = Release|Win32
		{0321521B-7C21-437B-B01A-CF0A4E47D68E}.Debug|Win32.ActiveCfg = Debug|Win32
		{0321521B-7C21-437B-B01A-CF0A4E47D68E}.Debug|Win32.Build.0 = Debug|Win32
		{0321521B-7C21-437B-B01A-CF0A4E47D68E}.Release|Win32.ActiveCfg = Release|Win32
		{0321521B-7C21-437B-B01A-CF0A4E47D68E}.Release|Win32.Build.0 = Release|Win32
		{75E86076-1437-42E1-8A24-159CCC89A3D0}.Debug|Win32.ActiveCfg = Debug|Win32
		{75E86076-1437-42E1-8A24-159CCC89A3D0}.Debug|Win32.Build.0 = Debug|Win32
		{75E86076-1437-42E1-8A24-159CCC89A3D0}.Release|Win32.ActiveCfg = Release|Win32
		{75E86076-1437-42E1-8A24-159CCC89A3D0}.Release|Win32.Build.0 = Release|Win32
		{4383C908-0AD9-4C83-877D-6D3544B75AB0}.Debug|Win32.ActiveCfg = Debug|Win32
		{4383C908-0AD9-4C83-877D-6D3544B75AB0}.Debug|Win32.Build.0 = Debug|Win32
		{4383C908-0AD9-4C83-877D-6D3544B75AB0}.Release|Win32.ActiveCfg = Release|Win32
		{4383C908-0AD9-4C83-877D-6D3544B75AB0}.Release|Win32.Build.0 = Release|Win32
		{B9F310E3-EA2B-409F-B8C0-A605A4DF4604}.Debug|Win32.ActiveCfg = Debug|Win32
		{B9F310E3-EA2B-409F-B8C0-A605A4DF4604}.Debug|Win32.Build.0 = Debug|Win32
		{B9F310E3-EA2B-409F-B8C0-A605A4DF4604}.Release|Win32.ActiveCfg = Release|Win32
		{B9F310E3-EA2B-409F-B8C0-A605A4DF4604}.Release|Win32.Build.0 = Release|Win32
	EndGlobalSection
	GlobalSection(SolutionProperties) = preSolution
		HideSolutionNode = FALSE
	EndGlobalSection
EndGlobal
