
Microsoft Visual Studio Solution File, Format Version 10.00
# Visual Studio 2008
Project("{8BC9CEB8-8B4A-11D0-8D11-00A0C91BC942}") = "2_1", "2_1\2_1.vcproj", "{704D4DA8-E94C-49F9-BA85-EFEFB587330C}"
EndProject
Project("{8BC9CEB8-8B4A-11D0-8D11-00A0C91BC942}") = "2_2", "2_2\2_2.vcproj", "{4A5B659E-E903-4B1E-9015-8A8DF8B806C3}"
EndProject
Project("{8BC9CEB8-8B4A-11D0-8D11-00A0C91BC942}") = "2_3", "2_3\2_3.vcproj", "{DF4634E5-75B3-4DDA-9617-97D6F506666F}"
EndProject
Project("{8BC9CEB8-8B4A-11D0-8D11-00A0C91BC942}") = "2_4", "2_4\2_4.vcproj", "{7BFFF510-650F-40B2-B1D5-381187B48CA6}"
EndProject
Project("{8BC9CEB8-8B4A-11D0-8D11-00A0C91BC942}") = "2_5", "2_5\2_5.vcproj", "{C5D4DF80-DADF-4553-9565-92C8BCE62F6C}"
EndProject
Project("{8BC9CEB8-8B4A-11D0-8D11-00A0C91BC942}") = "2_6", "2_6\2_6.vcproj", "{90CA320F-5CDC-43D5-A52D-810D51DA0E5F}"
EndProject
Project("{8BC9CEB8-8B4A-11D0-8D11-00A0C91BC942}") = "2_7", "2_7\2_7.vcproj", "{0ACE9E40-BB18-4AFD-915B-FBB1DD799C3F}"
EndProject
Project("{8BC9CEB8-8B4A-11D0-8D11-00A0C91BC942}") = "2_8", "2_8\2_8.vcproj", "{629284CB-B33D-4214-8748-A5EF85115CB3}"
EndProject
Project("{8BC9CEB8-8B4A-11D0-8D11-00A0C91BC942}") = "2_9", "2_9\2_9.vcproj", "{04E62AB1-8412-4CDC-9A84-C4531072B6E7}"
EndProject
Project("{8BC9CEB8-8B4A-11D0-8D11-00A0C91BC942}") = "2_10", "2_10\2_10.vcproj", "{5A1AF3D5-4169-4E82-A922-4F693DB86E1C}"
EndProject
Project("{8BC9CEB8-8B4A-11D0-8D11-00A0C91BC942}") = "2_11", "2_11\2_11.vcproj", "{83BEB93F-B506-4C49-AE88-09B35BFF9CFE}"
EndProject
Project("{8BC9CEB8-8B4A-11D0-8D11-00A0C91BC942}") = "2_12", "2_12\2_12.vcproj", "{97510384-C7FB-419E-BF2E-A1A5944F2391}"
EndProject
Project("{8BC9CEB8-8B4A-11D0-8D11-00A0C91BC942}") = "2_13", "2_13\2_13.vcproj", "{1D04FFAD-CDAF-4562-B5D2-F8A25AB90E49}"
EndProject
Project("{8BC9CEB8-8B4A-11D0-8D11-00A0C91BC942}") = "2_14", "2_14\2_14.vcproj", "{AE1AF3BC-1DAC-4752-9613-CA46D58D820B}"
EndProject
Project("{8BC9CEB8-8B4A-11D0-8D11-00A0C91BC942}") = "2_15", "2_15\2_15.vcproj", "{DAF751AD-2D80-4DB5-8CC4-C6263F10C7E4}"
EndProject
Global
	GlobalSection(SolutionConfigurationPlatforms) = preSolution
		Debug|Win32 = Debug|Win32
		Release|Win32 = Release|Win32
	EndGlobalSection
	GlobalSection(ProjectConfigurationPlatforms) = postSolution
		{704D4DA8-E94C-49F9-BA85-EFEFB587330C}.Debug|Win32.ActiveCfg = Debug|Win32
		{704D4DA8-E94C-49F9-BA85-EFEFB587330C}.Debug|Win32.Build.0 = Debug|Win32
		{704D4DA8-E94C-49F9-BA85-EFEFB587330C}.Release|Win32.ActiveCfg = Release|Win32
		{704D4DA8-E94C-49F9-BA85-EFEFB587330C}.Release|Win32.Build.0 = Release|Win32
		{4A5B659E-E903-4B1E-9015-8A8DF8B806C3}.Debug|Win32.ActiveCfg = Debug|Win32
		{4A5B659E-E903-4B1E-9015-8A8DF8B806C3}.Debug|Win32.Build.0 = Debug|Win32
		{4A5B659E-E903-4B1E-9015-8A8DF8B806C3}.Release|Win32.ActiveCfg = Release|Win32
		{4A5B659E-E903-4B1E-9015-8A8DF8B806C3}.Release|Win32.Build.0 = Release|Win32
		{DF4634E5-75B3-4DDA-9617-97D6F506666F}.Debug|Win32.ActiveCfg = Debug|Win32
		{DF4634E5-75B3-4DDA-9617-97D6F506666F}.Debug|Win32.Build.0 = Debug|Win32
		{DF4634E5-75B3-4DDA-9617-97D6F506666F}.Release|Win32.ActiveCfg = Release|Win32
		{DF4634E5-75B3-4DDA-9617-97D6F506666F}.Release|Win32.Build.0 = Release|Win32
		{7BFFF510-650F-40B2-B1D5-381187B48CA6}.Debug|Win32.ActiveCfg = Debug|Win32
		{7BFFF510-650F-40B2-B1D5-381187B48CA6}.Debug|Win32.Build.0 = Debug|Win32
		{7BFFF510-650F-40B2-B1D5-381187B48CA6}.Release|Win32.ActiveCfg = Release|Win32
		{7BFFF510-650F-40B2-B1D5-381187B48CA6}.Release|Win32.Build.0 = Release|Win32
		{C5D4DF80-DADF-4553-9565-92C8BCE62F6C}.Debug|Win32.ActiveCfg = Debug|Win32
		{C5D4DF80-DADF-4553-9565-92C8BCE62F6C}.Debug|Win32.Build.0 = Debug|Win32
		{C5D4DF80-DADF-4553-9565-92C8BCE62F6C}.Release|Win32.ActiveCfg = Release|Win32
		{C5D4DF80-DADF-4553-9565-92C8BCE62F6C}.Release|Win32.Build.0 = Release|Win32
		{90CA320F-5CDC-43D5-A52D-810D51DA0E5F}.Debug|Win32.ActiveCfg = Debug|Win32
		{90CA320F-5CDC-43D5-A52D-810D51DA0E5F}.Debug|Win32.Build.0 = Debug|Win32
		{90CA320F-5CDC-43D5-A52D-810D51DA0E5F}.Release|Win32.ActiveCfg = Release|Win32
		{90CA320F-5CDC-43D5-A52D-810D51DA0E5F}.Release|Win32.Build.0 = Release|Win32
		{0ACE9E40-BB18-4AFD-915B-FBB1DD799C3F}.Debug|Win32.ActiveCfg = Debug|Win32
		{0ACE9E40-BB18-4AFD-915B-FBB1DD799C3F}.Debug|Win32.Build.0 = Debug|Win32
		{0ACE9E40-BB18-4AFD-915B-FBB1DD799C3F}.Release|Win32.ActiveCfg = Release|Win32
		{0ACE9E40-BB18-4AFD-915B-FBB1DD799C3F}.Release|Win32.Build.0 = Release|Win32
		{629284CB-B33D-4214-8748-A5EF85115CB3}.Debug|Win32.ActiveCfg = Debug|Win32
		{629284CB-B33D-4214-8748-A5EF85115CB3}.Debug|Win32.Build.0 = Debug|Win32
		{629284CB-B33D-4214-8748-A5EF85115CB3}.Release|Win32.ActiveCfg = Release|Win32
		{629284CB-B33D-4214-8748-A5EF85115CB3}.Release|Win32.Build.0 = Release|Win32
		{04E62AB1-8412-4CDC-9A84-C4531072B6E7}.Debug|Win32.ActiveCfg = Debug|Win32
		{04E62AB1-8412-4CDC-9A84-C4531072B6E7}.Debug|Win32.Build.0 = Debug|Win32
		{04E62AB1-8412-4CDC-9A84-C4531072B6E7}.Release|Win32.ActiveCfg = Release|Win32
		{04E62AB1-8412-4CDC-9A84-C4531072B6E7}.Release|Win32.Build.0 = Release|Win32
		{5A1AF3D5-4169-4E82-A922-4F693DB86E1C}.Debug|Win32.ActiveCfg = Debug|Win32
		{5A1AF3D5-4169-4E82-A922-4F693DB86E1C}.Debug|Win32.Build.0 = Debug|Win32
		{5A1AF3D5-4169-4E82-A922-4F693DB86E1C}.Release|Win32.ActiveCfg = Release|Win32
		{5A1AF3D5-4169-4E82-A922-4F693DB86E1C}.Release|Win32.Build.0 = Release|Win32
		{83BEB93F-B506-4C49-AE88-09B35BFF9CFE}.Debug|Win32.ActiveCfg = Debug|Win32
		{83BEB93F-B506-4C49-AE88-09B35BFF9CFE}.Debug|Win32.Build.0 = Debug|Win32
		{83BEB93F-B506-4C49-AE88-09B35BFF9CFE}.Release|Win32.ActiveCfg = Release|Win32
		{83BEB93F-B506-4C49-AE88-09B35BFF9CFE}.Release|Win32.Build.0 = Release|Win32
		{97510384-C7FB-419E-BF2E-A1A5944F2391}.Debug|Win32.ActiveCfg = Debug|Win32
		{97510384-C7FB-419E-BF2E-A1A5944F2391}.Debug|Win32.Build.0 = Debug|Win32
		{97510384-C7FB-419E-BF2E-A1A5944F2391}.Release|Win32.ActiveCfg = Release|Win32
		{97510384-C7FB-419E-BF2E-A1A5944F2391}.Release|Win32.Build.0 = Release|Win32
		{1D04FFAD-CDAF-4562-B5D2-F8A25AB90E49}.Debug|Win32.ActiveCfg = Debug|Win32
		{1D04FFAD-CDAF-4562-B5D2-F8A25AB90E49}.Debug|Win32.Build.0 = Debug|Win32
		{1D04FFAD-CDAF-4562-B5D2-F8A25AB90E49}.Release|Win32.ActiveCfg = Release|Win32
		{1D04FFAD-CDAF-4562-B5D2-F8A25AB90E49}.Release|Win32.Build.0 = Release|Win32
		{AE1AF3BC-1DAC-4752-9613-CA46D58D820B}.Debug|Win32.ActiveCfg = Debug|Win32
		{AE1AF3BC-1DAC-4752-9613-CA46D58D820B}.Debug|Win32.Build.0 = Debug|Win32
		{AE1AF3BC-1DAC-4752-9613-CA46D58D820B}.Release|Win32.ActiveCfg = Release|Win32
		{AE1AF3BC-1DAC-4752-9613-CA46D58D820B}.Release|Win32.Build.0 = Release|Win32
		{DAF751AD-2D80-4DB5-8CC4-C6263F10C7E4}.Debug|Win32.ActiveCfg = Debug|Win32
		{DAF751AD-2D80-4DB5-8CC4-C6263F10C7E4}.Debug|Win32.Build.0 = Debug|Win32
		{DAF751AD-2D80-4DB5-8CC4-C6263F10C7E4}.Release|Win32.ActiveCfg = Release|Win32
		{DAF751AD-2D80-4DB5-8CC4-C6263F10C7E4}.Release|Win32.Build.0 = Release|Win32
	EndGlobalSection
	GlobalSection(SolutionProperties) = preSolution
		HideSolutionNode = FALSE
	EndGlobalSection
EndGlobal
